
Microsoft Visual Studio Solution File, Format Version 12.00
# Visual Studio Version 17
VisualStudioVersion = 17.14.36203.30 d17.14
MinimumVisualStudioVersion = 10.0.40219.1
Project("{FAE04EC0-301F-11D3-BF4B-00C04F79EFBC}") = "AMKDotNetTrainingBatch2.ConsoleApp", "AMKDotNetTrainingBatch2.ConsoleApp\AMKDotNetTrainingBatch2.ConsoleApp.csproj", "{E0338C76-F8BA-40A3-93E5-EFB8548747E6}"
EndProject
Global
	GlobalSection(SolutionConfigurationPlatforms) = preSolution
		Debug|Any CPU = Debug|Any CPU
		Release|Any CPU = Release|Any CPU
	EndGlobalSection
	GlobalSection(ProjectConfigurationPlatforms) = postSolution
		{E0338C76-F8BA-40A3-93E5-EFB8548747E6}.Debug|Any CPU.ActiveCfg = Debug|Any CPU
		{E0338C76-F8BA-40A3-93E5-EFB8548747E6}.Debug|Any CPU.Build.0 = Debug|Any CPU
		{E0338C76-F8BA-40A3-93E5-EFB8548747E6}.Release|Any CPU.ActiveCfg = Release|Any CPU
		{E0338C76-F8BA-40A3-93E5-EFB8548747E6}.Release|Any CPU.Build.0 = Release|Any CPU
	EndGlobalSection
	GlobalSection(SolutionProperties) = preSolution
		HideSolutionNode = FALSE
	EndGlobalSection
	GlobalSection(ExtensibilityGlobals) = postSolution
		SolutionGuid = {16A2806F-8E55-490A-B896-B5367F7874C9}
	EndGlobalSection
EndGlobal
